
Microsoft Visual Studio Solution File, Format Version 12.00
# Visual Studio Version 17
VisualStudioVersion = 17.9.34622.214
MinimumVisualStudioVersion = 10.0.40219.1
Project("{FAE04EC0-301F-11D3-BF4B-00C04F79EFBC}") = "InstagramCommerce", "InstagramCommerce.csproj", "{83268EFB-3B17-4C3D-B564-50D8F9EFE4D4}"
EndProject
Global
	GlobalSection(SolutionConfigurationPlatforms) = preSolution
		Debug|Any CPU = Debug|Any CPU
		Release|Any CPU = Release|Any CPU
	EndGlobalSection
	GlobalSection(ProjectConfigurationPlatforms) = postSolution
		{83268EFB-3B17-4C3D-B564-50D8F9EFE4D4}.Debug|Any CPU.ActiveCfg = Debug|Any CPU
		{83268EFB-3B17-4C3D-B564-50D8F9EFE4D4}.Debug|Any CPU.Build.0 = Debug|Any CPU
		{83268EFB-3B17-4C3D-B564-50D8F9EFE4D4}.Release|Any CPU.ActiveCfg = Release|Any CPU
		{83268EFB-3B17-4C3D-B564-50D8F9EFE4D4}.Release|Any CPU.Build.0 = Release|Any CPU
	EndGlobalSection
	GlobalSection(SolutionProperties) = preSolution
		HideSolutionNode = FALSE
	EndGlobalSection
	GlobalSection(ExtensibilityGlobals) = postSolution
		SolutionGuid = {4B63506C-DB05-40C2-9B88-7F51FE1A09B8}
	EndGlobalSection
EndGlobal
